# THIS IS AN AUTOGENERATED FILE. DO NOT EDIT THIS FILE DIRECTLY.
# yarn lockfile v1


babel-runtime@^6.0.0:
  version "6.26.0"
  resolved "https://r.cnpmjs.org/babel-runtime/download/babel-runtime-6.26.0.tgz#965c7058668e82b55d7bfe04ff2337bc8b5647fe"
  dependencies:
    core-js "^2.4.0"
    regenerator-runtime "^0.11.0"

core-js@^2.4.0:
  version "2.5.1"
  resolved "https://r.cnpmjs.org/core-js/download/core-js-2.5.1.tgz#ae6874dc66937789b80754ff5428df66819ca50b"

good-storage@^1.0.1:
  version "1.0.1"
  resolved "https://r.cnpmjs.org/good-storage/download/good-storage-1.0.1.tgz#9ed829b65e2b19089beefb84cca15f656d2483d9"
  dependencies:
    babel-runtime "^6.0.0"

regenerator-runtime@^0.11.0:
  version "0.11.0"
  resolved "https://r.cnpmjs.org/regenerator-runtime/download/regenerator-runtime-0.11.0.tgz#7e54fe5b5ccd5d6624ea6255c3473be090b802e1"
